{"1.2.0",
[{<<"base32">>,{pkg,<<"base32">>,<<"0.1.0">>},1},
 {<<"ecc_compact">>,{pkg,<<"ecc_compact">>,<<"1.1.1">>},0},
 {<<"enacl">>,
  {git,"https://github.com/helium/enacl",
       {ref,"efb74b1af1df7f46f6ade488f16ec365af3ce47f"}},
  0},
 {<<"erl_base58">>,{pkg,<<"erl_base58">>,<<"0.0.1">>},0},
 {<<"multiaddr">>,{pkg,<<"multiaddr">>,<<"1.1.3">>},0},
 {<<"multihash">>,{pkg,<<"multihash">>,<<"2.1.0">>},0},
 {<<"small_ints">>,{pkg,<<"small_ints">>,<<"0.1.0">>},1}]}.
[
{pkg_hash,[
 {<<"base32">>, <<"044F6DC95709727CA2176F3E97A41DDAA76B5BC690D3536908618C0CB32616A2">>},
 {<<"ecc_compact">>, <<"D45197DB76EEBD22B144552795C1950DD07B013D591EA2C3A8DE22F8EE6C132B">>},
 {<<"erl_base58">>, <<"37710854461D71DF338E73C65776302DB41C4BAB4674D2EC134ED7BCFC7B5552">>},
 {<<"multiaddr">>, <<"978E58E28F6FACAF428C87AF933612B1E2F3F2775F1794EDA5E831A4EACD2984">>},
 {<<"multihash">>, <<"F084F7C6BEC062F0C0E82AE18CFDC8DAEC8F4FAA4C8E1ACE0B9C676A9323162F">>},
 {<<"small_ints">>, <<"82A824C8794A2DDC73CB5CD00EAD11331DB296521AD16A619C13D668572B868A">>}]},
{pkg_hash_ext,[
 {<<"base32">>, <<"10A73951D857D8CB1ECEEA8EB96C6941F6A76E105947AD09C2B73977DEE07638">>},
 {<<"ecc_compact">>, <<"86F8A8A33141C5390D72BDC2CE4D79B8CC74463A80D263A44FC988D353269504">>},
 {<<"erl_base58">>, <<"41E8EC356C5C5558A45682F61F80725789AE9A11BD1CC7D5C73CDE1E3B546DD2">>},
 {<<"multiaddr">>, <<"980D3EA5EB0EB2EFC51E3D10953F17447D417C49BD2FCD7FC6A2A42D1F66D5EE">>},
 {<<"multihash">>, <<"E73AD5D0099DBFFB4EE429A78436B605AFE2530ED684AB36BB86733AB65707C8">>},
 {<<"small_ints">>, <<"00B3BFF6C446711F8EA4EA942056F375E0F13C7983CC3950C6EA1DE014C7C416">>}]}
].
