{"1.1.0",
[{<<"base32">>,{pkg,<<"base32">>,<<"0.1.0">>},1},
 {<<"ecc_compact">>,{pkg,<<"ecc_compact">>,<<"1.0.5">>},0},
 {<<"enacl">>,{pkg,<<"enacl">>,<<"1.1.1">>},0},
 {<<"erl_base58">>,{pkg,<<"erl_base58">>,<<"0.0.1">>},0},
 {<<"keccakf1600">>,{pkg,<<"keccakf1600">>,<<"2.0.0">>},1},
 {<<"multiaddr">>,{pkg,<<"multiaddr">>,<<"1.1.3">>},0},
 {<<"multihash">>,{pkg,<<"multihash">>,<<"1.1.0">>},0},
 {<<"small_ints">>,{pkg,<<"small_ints">>,<<"0.1.0">>},1}]}.
[
{pkg_hash,[
 {<<"base32">>, <<"044F6DC95709727CA2176F3E97A41DDAA76B5BC690D3536908618C0CB32616A2">>},
 {<<"ecc_compact">>, <<"C9696FF16A1D721F2DC8CCD760440B8F45586522974C5C7BD88640822E08AACA">>},
 {<<"enacl">>, <<"F65DC64D9BFF2D8A534CB77AEF14DA5E7A2FA148987D87856F79A4745C9C2627">>},
 {<<"erl_base58">>, <<"37710854461D71DF338E73C65776302DB41C4BAB4674D2EC134ED7BCFC7B5552">>},
 {<<"keccakf1600">>, <<"69D02D844A101BF3C75484C9E334FD04B0F57280727E881CAC3BD8240432F43A">>},
 {<<"multiaddr">>, <<"978E58E28F6FACAF428C87AF933612B1E2F3F2775F1794EDA5E831A4EACD2984">>},
 {<<"multihash">>, <<"BB5C40F7464FB5DCACFA0B5DC14C9BDA9F920617040CB6CFC4FA1B434A016F11">>},
 {<<"small_ints">>, <<"82A824C8794A2DDC73CB5CD00EAD11331DB296521AD16A619C13D668572B868A">>}]}
].
