{"1.1.0",
[{<<"base32">>,{pkg,<<"base32">>,<<"0.1.0">>},1},
 {<<"ecc_compact">>,{pkg,<<"ecc_compact">>,<<"1.0.4">>},0},
 {<<"enacl">>,{pkg,<<"enacl">>,<<"1.0.0">>},0},
 {<<"erl_base58">>,{pkg,<<"erl_base58">>,<<"0.0.1">>},0},
 {<<"multiaddr">>,{pkg,<<"multiaddr">>,<<"1.1.3">>},0},
 {<<"small_ints">>,{pkg,<<"small_ints">>,<<"0.1.0">>},1}]}.
[
{pkg_hash,[
 {<<"base32">>, <<"044F6DC95709727CA2176F3E97A41DDAA76B5BC690D3536908618C0CB32616A2">>},
 {<<"ecc_compact">>, <<"B2DDA47A6810B59A24331F3C864001A2FDE1C85A7BC31E52E7B6B2EE532F5627">>},
 {<<"enacl">>, <<"1BACAE6C8AAD1A2944ED5EB108E241D0D5E466819B685DFA690650ABDFF9BBA0">>},
 {<<"erl_base58">>, <<"37710854461D71DF338E73C65776302DB41C4BAB4674D2EC134ED7BCFC7B5552">>},
 {<<"multiaddr">>, <<"978E58E28F6FACAF428C87AF933612B1E2F3F2775F1794EDA5E831A4EACD2984">>},
 {<<"small_ints">>, <<"82A824C8794A2DDC73CB5CD00EAD11331DB296521AD16A619C13D668572B868A">>}]}
].
